
Microsoft Visual Studio Solution File, Format Version 12.00
# Visual Studio Version 17
VisualStudioVersion = 17.8.34511.84
MinimumVisualStudioVersion = 10.0.40219.1
Project("{FAE04EC0-301F-11D3-BF4B-00C04F79EFBC}") = "WpfApp1", "WpfApp1\WpfApp1.csproj", "{DB124FA2-42EC-474B-99E9-6A95BF08FCF0}"
EndProject
Global
	GlobalSection(SolutionConfigurationPlatforms) = preSolution
		Debug|Any CPU = Debug|Any CPU
		Release|Any CPU = Release|Any CPU
	EndGlobalSection
	GlobalSection(ProjectConfigurationPlatforms) = postSolution
		{DB124FA2-42EC-474B-99E9-6A95BF08FCF0}.Debug|Any CPU.ActiveCfg = Debug|Any CPU
		{DB124FA2-42EC-474B-99E9-6A95BF08FCF0}.Debug|Any CPU.Build.0 = Debug|Any CPU
		{DB124FA2-42EC-474B-99E9-6A95BF08FCF0}.Release|Any CPU.ActiveCfg = Release|Any CPU
		{DB124FA2-42EC-474B-99E9-6A95BF08FCF0}.Release|Any CPU.Build.0 = Release|Any CPU
	EndGlobalSection
	GlobalSection(SolutionProperties) = preSolution
		HideSolutionNode = FALSE
	EndGlobalSection
	GlobalSection(ExtensibilityGlobals) = postSolution
		SolutionGuid = {454B5F3B-FBA4-4E4B-AA2F-B58412CB4117}
	EndGlobalSection
EndGlobal
